{"1.1.0",
[{<<"opencensus">>,
  {git,"https://github.com/census-instrumentation/opencensus-erlang",
       {ref,"0c1aff1764987a0a659af384a513514d9b9d09a2"}},
  0},
 {<<"prometheus">>,{pkg,<<"prometheus">>,<<"3.4.5">>},0},
 {<<"rfc3339">>,{pkg,<<"rfc3339">>,<<"0.9.0">>},2},
 {<<"wts">>,{pkg,<<"wts">>,<<"0.3.0">>},1}]}.
[
{pkg_hash,[
 {<<"prometheus">>, <<"CA3C3E50EBCCCC615593ADB3EBB1DE813FCC5412D6DB33D0B546A76322C2D316">>},
 {<<"rfc3339">>, <<"2075653DC9407541C84B1E15F8BDA2ABE95FB17C9694025E079583F2D19C1060">>},
 {<<"wts">>, <<"5CDF22C775CB1EBAE24C326A5DB6074D753C42F4BD12A9AA47CC62D3E2C71AD1">>}]}
].
