{"1.1.0",
[{<<"opencensus">>,
  {git,"https://github.com/deadtrickster/opencensus-erlang",
       {ref,"7e248db230955fb3c441627dd2c7375aa67eb5a5"}},
  0},
 {<<"prometheus">>,{pkg,<<"prometheus">>,<<"3.4.1">>},0},
 {<<"rfc3339">>,{pkg,<<"rfc3339">>,<<"0.9.0">>},2},
 {<<"wts">>,{pkg,<<"wts">>,<<"0.3.0">>},1}]}.
[
{pkg_hash,[
 {<<"prometheus">>, <<"90C4F37670C4DC7DE9319A0C310BF12CB619715EBE285F583F3B46D955EE8F81">>},
 {<<"rfc3339">>, <<"2075653DC9407541C84B1E15F8BDA2ABE95FB17C9694025E079583F2D19C1060">>},
 {<<"wts">>, <<"5CDF22C775CB1EBAE24C326A5DB6074D753C42F4BD12A9AA47CC62D3E2C71AD1">>}]}
].
